github.com/ondi/go-cache v0.0.0-20220704124719-e18a5c0fa086 h1:85fqNz0aza5Ycyeh1RwiOeWy92Q4Y4vv+2/qq+cgFBg=
github.com/ondi/go-cache v0.0.0-20220704124719-e18a5c0fa086/go.mod h1:x8J3FOjzA2bQL33EoyKfBfTcbBFZ8U2KZPbAQplNlw8=
golang.org/x/sys v0.0.0-20220704084225-05e143d24a9e h1:CsOuNlbOuf0mzxJIefr6Q4uAUetRUwZE4qt7VfzP+xo=
golang.org/x/sys v0.0.0-20220704084225-05e143d24a9e/go.mod h1:oPkhp1MJrh7nUepCBck5+mAzfO9JrbApNNgaTdGDITg=
